[[tools.hugo]]
version = "0.164.0"
backend = "aqua:gohugoio/hugo"
"platforms.linux-arm64" = { checksum = "sha256:948ee5f0ed30175f31937d592d63a2712f0761a69f1cbe812f780eb918a08b8e", url = "https://github.com/gohugoio/hugo/releases/download/v0.164.0/hugo_0.164.0_linux-arm64.tar.gz"}
"platforms.linux-x64" = { checksum = "sha256:d9c8b17285ea4ec004d9f814273ea910f2051ce02c284993fd1f91ba455ae50d", url = "https://github.com/gohugoio/hugo/releases/download/v0.164.0/hugo_0.164.0_linux-amd64.tar.gz"}
"platforms.macos-arm64" = { checksum = "sha256:c994e2cc6946838bb76521039509a7ce71282827e7035e344b6c225a83a5d0d3", url = "https://github.com/gohugoio/hugo/releases/download/v0.164.0/hugo_0.164.0_darwin-universal.pkg"}
"platforms.macos-x64" = { checksum = "sha256:c994e2cc6946838bb76521039509a7ce71282827e7035e344b6c225a83a5d0d3", url = "https://github.com/gohugoio/hugo/releases/download/v0.164.0/hugo_0.164.0_darwin-universal.pkg"}
"platforms.windows-x64" = { checksum = "sha256:dadf3499d4c6a27f6bc9d56d5a992ba62d82a74a3771fcc165c364ec1eeaac1c", url = "https://github.com/gohugoio/hugo/releases/download/v0.164.0/hugo_0.164.0_windows-amd64.zip"}

[[tools.just]]
version = "1.40.0"
backend = "aqua:casey/just"
"platforms.linux-arm64" = { url = "https://github.com/casey/just/releases/download/1.40.0/just-1.40.0-aarch64-unknown-linux-musl.tar.gz"}
"platforms.linux-x64" = { checksum = "blake3:c7b5c329ad58c39a541124c690ba23bf11824270e57702af34e7978c2e15a5ff", url = "https://github.com/casey/just/releases/download/1.40.0/just-1.40.0-x86_64-unknown-linux-musl.tar.gz"}
"platforms.macos-arm64" = { url = "https://github.com/casey/just/releases/download/1.40.0/just-1.40.0-aarch64-apple-darwin.tar.gz"}
"platforms.macos-x64" = { url = "https://github.com/casey/just/releases/download/1.40.0/just-1.40.0-x86_64-apple-darwin.tar.gz"}
"platforms.windows-x64" = { url = "https://github.com/casey/just/releases/download/1.40.0/just-1.40.0-x86_64-pc-windows-msvc.zip"}

[[tools.node]]
version = "22.17.0"
backend = "core:node"
"platforms.linux-arm64" = { checksum = "sha256:3e99df8b01b27dc8b334a2a30d1cd500442b3b0877d217b308fd61a9ccfc33d4", url = "https://nodejs.org/dist/v22.17.0/node-v22.17.0-linux-arm64.tar.gz"}
"platforms.linux-x64" = { checksum = "sha256:0fa01328a0f3d10800623f7107fbcd654a60ec178fab1ef5b9779e94e0419e1a", url = "https://nodejs.org/dist/v22.17.0/node-v22.17.0-linux-x64.tar.gz"}
"platforms.macos-arm64" = { checksum = "sha256:615dda58b5fb41fad2be43940b6398ca56554cbe05800953afadc724729cb09e", url = "https://nodejs.org/dist/v22.17.0/node-v22.17.0-darwin-arm64.tar.gz"}
"platforms.macos-x64" = { checksum = "sha256:c39c8ec3cdadedfcc75de0cb3305df95ae2aecebc5db8d68a9b67bd74616d2ad", url = "https://nodejs.org/dist/v22.17.0/node-v22.17.0-darwin-x64.tar.gz"}
"platforms.windows-x64" = { checksum = "sha256:721ab118a3aac8584348b132767eadf51379e0616f0db802cc1e66d7f0d98f85", url = "https://nodejs.org/dist/v22.17.0/node-v22.17.0-win-x64.zip"}

[[tools.shellcheck]]
version = "0.10.0"
backend = "aqua:koalaman/shellcheck"
"platforms.linux-arm64" = { url = "https://github.com/koalaman/shellcheck/releases/download/v0.10.0/shellcheck-v0.10.0.linux.aarch64.tar.xz"}
"platforms.linux-x64" = { checksum = "blake3:729ad9734a3d9ecaf613b25714d6c70812e8808270c13cbe19eca2412f0ffc2d", url = "https://github.com/koalaman/shellcheck/releases/download/v0.10.0/shellcheck-v0.10.0.linux.x86_64.tar.xz"}
"platforms.macos-arm64" = { url = "https://github.com/koalaman/shellcheck/releases/download/v0.10.0/shellcheck-v0.10.0.darwin.aarch64.tar.xz"}
"platforms.macos-x64" = { url = "https://github.com/koalaman/shellcheck/releases/download/v0.10.0/shellcheck-v0.10.0.darwin.x86_64.tar.xz"}
"platforms.windows-x64" = { url = "https://github.com/koalaman/shellcheck/releases/download/v0.10.0/shellcheck-v0.10.0.zip"}
